
Microsoft Visual Studio Solution File, Format Version 12.00
# Visual Studio Version 17
VisualStudioVersion = 17.9.34616.47
MinimumVisualStudioVersion = 10.0.40219.1
Project("{9A19103F-16F7-4668-BE54-9A1E7A4F7556}") = "Mission8_Team0105", "Mission8_Team0105\Mission8_Team0105.csproj", "{B8EC461F-9F38-41A4-B28C-DAF3C71443B8}"
EndProject
Global
	GlobalSection(SolutionConfigurationPlatforms) = preSolution
		Debug|Any CPU = Debug|Any CPU
		Release|Any CPU = Release|Any CPU
	EndGlobalSection
	GlobalSection(ProjectConfigurationPlatforms) = postSolution
		{B8EC461F-9F38-41A4-B28C-DAF3C71443B8}.Debug|Any CPU.ActiveCfg = Debug|Any CPU
		{B8EC461F-9F38-41A4-B28C-DAF3C71443B8}.Debug|Any CPU.Build.0 = Debug|Any CPU
		{B8EC461F-9F38-41A4-B28C-DAF3C71443B8}.Release|Any CPU.ActiveCfg = Release|Any CPU
		{B8EC461F-9F38-41A4-B28C-DAF3C71443B8}.Release|Any CPU.Build.0 = Release|Any CPU
	EndGlobalSection
	GlobalSection(SolutionProperties) = preSolution
		HideSolutionNode = FALSE
	EndGlobalSection
	GlobalSection(ExtensibilityGlobals) = postSolution
		SolutionGuid = {16FDA4D1-D19E-469C-93CC-5A4A938D6DE2}
	EndGlobalSection
EndGlobal
